
Microsoft Visual Studio Solution File, Format Version 12.00
# Visual Studio Version 16
VisualStudioVersion = 16.0.31229.75
MinimumVisualStudioVersion = 10.0.40219.1
Project("{FAE04EC0-301F-11D3-BF4B-00C04F79EFBC}") = "HtmlForm", "HtmlForm\HtmlForm.csproj", "{3738CD1F-D33E-43BA-A219-DB8A359BDE83}"
EndProject
Project("{2150E333-8FDC-42A3-9474-1A3956D46DE8}") = "Solution Items", "Solution Items", "{D6004ADE-B568-4DED-8A26-C3DA27A83433}"
	ProjectSection(SolutionItems) = preProject
		..\..\..\Users\giann\OneDrive\Desktop\HTMLPage_Coding_School.html = ..\..\..\Users\giann\OneDrive\Desktop\HTMLPage_Coding_School.html
	EndProjectSection
EndProject
Global
	GlobalSection(SolutionConfigurationPlatforms) = preSolution
		Debug|Any CPU = Debug|Any CPU
		Release|Any CPU = Release|Any CPU
	EndGlobalSection
	GlobalSection(ProjectConfigurationPlatforms) = postSolution
		{3738CD1F-D33E-43BA-A219-DB8A359BDE83}.Debug|Any CPU.ActiveCfg = Debug|Any CPU
		{3738CD1F-D33E-43BA-A219-DB8A359BDE83}.Debug|Any CPU.Build.0 = Debug|Any CPU
		{3738CD1F-D33E-43BA-A219-DB8A359BDE83}.Release|Any CPU.ActiveCfg = Release|Any CPU
		{3738CD1F-D33E-43BA-A219-DB8A359BDE83}.Release|Any CPU.Build.0 = Release|Any CPU
	EndGlobalSection
	GlobalSection(SolutionProperties) = preSolution
		HideSolutionNode = FALSE
	EndGlobalSection
	GlobalSection(ExtensibilityGlobals) = postSolution
		SolutionGuid = {656E29DF-1FB9-4C35-8969-D9837BB8DC65}
	EndGlobalSection
EndGlobal
